PODS:
  - HTMLParser (0.1.2)
  - ImageUtilities (0.1.0)
  - IOS-MapFeature-Form (0.1.0):
    - HTMLParser
    - ImageUtilities
    - IOSQlite
  - IOSQlite (0.1.1):
    - sqlite3
  - sqlite3 (3.12.0):
    - sqlite3/common (= 3.12.0)
  - sqlite3/common (3.12.0)

DEPENDENCIES:
  - IOS-MapFeature-Form (from `../`)

EXTERNAL SOURCES:
  IOS-MapFeature-Form:
    :path: ../

SPEC CHECKSUMS:
  HTMLParser: 0aff2823b285cfe41996d55d1ae742a27ff89305
  ImageUtilities: 57aed536bfc98d8a2b343dc313ec138dad82481d
  IOS-MapFeature-Form: bd072bf1b5841e5514d8dcd917a779494cf70ccf
  IOSQlite: 933c0a254a8eadec5bf3e02bf86cf6947713bf0e
  sqlite3: 5dfa7d57e21fd5137ef19de10ccb0aeea2b33f8f

COCOAPODS: 0.39.0
